
Microsoft Visual Studio Solution File, Format Version 12.00
# Visual Studio Version 17
VisualStudioVersion = 17.14.36327.8 d17.14
MinimumVisualStudioVersion = 10.0.40219.1
Project("{FAE04EC0-301F-11D3-BF4B-00C04F79EFBC}") = "Learning Management System", "Learning Management System.csproj", "{4879D59A-D835-491A-A113-CD78CF327DBB}"
EndProject
Global
	GlobalSection(SolutionConfigurationPlatforms) = preSolution
		Debug|Any CPU = Debug|Any CPU
		Release|Any CPU = Release|Any CPU
	EndGlobalSection
	GlobalSection(ProjectConfigurationPlatforms) = postSolution
		{4879D59A-D835-491A-A113-CD78CF327DBB}.Debug|Any CPU.ActiveCfg = Debug|Any CPU
		{4879D59A-D835-491A-A113-CD78CF327DBB}.Debug|Any CPU.Build.0 = Debug|Any CPU
		{4879D59A-D835-491A-A113-CD78CF327DBB}.Release|Any CPU.ActiveCfg = Release|Any CPU
		{4879D59A-D835-491A-A113-CD78CF327DBB}.Release|Any CPU.Build.0 = Release|Any CPU
	EndGlobalSection
	GlobalSection(SolutionProperties) = preSolution
		HideSolutionNode = FALSE
	EndGlobalSection
	GlobalSection(ExtensibilityGlobals) = postSolution
		SolutionGuid = {6202FEB8-0549-49B7-9F19-ECA3EC0EAFF7}
	EndGlobalSection
EndGlobal
